
Microsoft Visual Studio Solution File, Format Version 12.00
# Visual Studio Version 17
VisualStudioVersion = 17.4.33205.214
MinimumVisualStudioVersion = 10.0.40219.1
Project("{FAE04EC0-301F-11D3-BF4B-00C04F79EFBC}") = "DiplomskiV3", "DiplomskiV3.csproj", "{849D37B9-55DF-4DB9-87D8-C01C1607629E}"
EndProject
Global
	GlobalSection(SolutionConfigurationPlatforms) = preSolution
		Debug|Any CPU = Debug|Any CPU
		Release|Any CPU = Release|Any CPU
	EndGlobalSection
	GlobalSection(ProjectConfigurationPlatforms) = postSolution
		{849D37B9-55DF-4DB9-87D8-C01C1607629E}.Debug|Any CPU.ActiveCfg = Debug|Any CPU
		{849D37B9-55DF-4DB9-87D8-C01C1607629E}.Debug|Any CPU.Build.0 = Debug|Any CPU
		{849D37B9-55DF-4DB9-87D8-C01C1607629E}.Release|Any CPU.ActiveCfg = Release|Any CPU
		{849D37B9-55DF-4DB9-87D8-C01C1607629E}.Release|Any CPU.Build.0 = Release|Any CPU
	EndGlobalSection
	GlobalSection(SolutionProperties) = preSolution
		HideSolutionNode = FALSE
	EndGlobalSection
	GlobalSection(ExtensibilityGlobals) = postSolution
		SolutionGuid = {F9A9EA62-FE61-4DE0-959D-2144567D4B68}
	EndGlobalSection
EndGlobal
